
Microsoft Visual Studio Solution File, Format Version 12.00
# Visual Studio Version 16
VisualStudioVersion = 16.0.31402.337
MinimumVisualStudioVersion = 10.0.40219.1
Project("{FAE04EC0-301F-11D3-BF4B-00C04F79EFBC}") = "SE307PrG4", "SE307PrG4.csproj", "{D7E81462-2911-4DCE-8EC6-E50044D25691}"
EndProject
Global
	GlobalSection(SolutionConfigurationPlatforms) = preSolution
		Debug|Any CPU = Debug|Any CPU
		Release|Any CPU = Release|Any CPU
	EndGlobalSection
	GlobalSection(ProjectConfigurationPlatforms) = postSolution
		{D7E81462-2911-4DCE-8EC6-E50044D25691}.Debug|Any CPU.ActiveCfg = Debug|Any CPU
		{D7E81462-2911-4DCE-8EC6-E50044D25691}.Debug|Any CPU.Build.0 = Debug|Any CPU
		{D7E81462-2911-4DCE-8EC6-E50044D25691}.Release|Any CPU.ActiveCfg = Release|Any CPU
		{D7E81462-2911-4DCE-8EC6-E50044D25691}.Release|Any CPU.Build.0 = Release|Any CPU
	EndGlobalSection
	GlobalSection(SolutionProperties) = preSolution
		HideSolutionNode = FALSE
	EndGlobalSection
	GlobalSection(ExtensibilityGlobals) = postSolution
		SolutionGuid = {58768E44-6249-4940-B23A-88D707F6FF69}
	EndGlobalSection
EndGlobal
